
Microsoft Visual Studio Solution File, Format Version 12.00
# Visual Studio 15
VisualStudioVersion = 15.0.28307.1145
MinimumVisualStudioVersion = 10.0.40219.1
Project("{FAE04EC0-301F-11D3-BF4B-00C04F79EFBC}") = "o2flo_pic_parser", "o2flo_pic_parser\o2flo_pic_parser.csproj", "{01C317F9-E29F-4090-B9BB-E9DC4087C9F7}"
EndProject
Project("{54435603-DBB4-11D2-8724-00A0C9A8B90C}") = "Setup_o2flo_pic_parser", "Setup_o2flo_pic_parser\Setup_o2flo_pic_parser.vdproj", "{6EE862E1-D902-4DD6-B563-48F33E1EDD77}"
EndProject
Global
	GlobalSection(SolutionConfigurationPlatforms) = preSolution
		Debug|Any CPU = Debug|Any CPU
		Release|Any CPU = Release|Any CPU
	EndGlobalSection
	GlobalSection(ProjectConfigurationPlatforms) = postSolution
		{01C317F9-E29F-4090-B9BB-E9DC4087C9F7}.Debug|Any CPU.ActiveCfg = Debug|Any CPU
		{01C317F9-E29F-4090-B9BB-E9DC4087C9F7}.Debug|Any CPU.Build.0 = Debug|Any CPU
		{01C317F9-E29F-4090-B9BB-E9DC4087C9F7}.Release|Any CPU.ActiveCfg = Release|Any CPU
		{01C317F9-E29F-4090-B9BB-E9DC4087C9F7}.Release|Any CPU.Build.0 = Release|Any CPU
		{6EE862E1-D902-4DD6-B563-48F33E1EDD77}.Debug|Any CPU.ActiveCfg = Debug
		{6EE862E1-D902-4DD6-B563-48F33E1EDD77}.Release|Any CPU.ActiveCfg = Release
	EndGlobalSection
	GlobalSection(SolutionProperties) = preSolution
		HideSolutionNode = FALSE
	EndGlobalSection
	GlobalSection(ExtensibilityGlobals) = postSolution
		SolutionGuid = {58D5A88C-9986-4A6C-9411-327FC11E42FD}
	EndGlobalSection
EndGlobal
